
Microsoft Visual Studio Solution File, Format Version 12.00
# Visual Studio Version 17
VisualStudioVersion = 17.7.34202.233
MinimumVisualStudioVersion = 10.0.40219.1
Project("{FAE04EC0-301F-11D3-BF4B-00C04F79EFBC}") = "SirenSettingInstaller", "SirenSettingInstaller.csproj", "{E47163A9-D290-4D93-B380-819393B2C65D}"
EndProject
Global
	GlobalSection(SolutionConfigurationPlatforms) = preSolution
		Debug|Any CPU = Debug|Any CPU
		Release|Any CPU = Release|Any CPU
	EndGlobalSection
	GlobalSection(ProjectConfigurationPlatforms) = postSolution
		{E47163A9-D290-4D93-B380-819393B2C65D}.Debug|Any CPU.ActiveCfg = Debug|Any CPU
		{E47163A9-D290-4D93-B380-819393B2C65D}.Debug|Any CPU.Build.0 = Debug|Any CPU
		{E47163A9-D290-4D93-B380-819393B2C65D}.Release|Any CPU.ActiveCfg = Release|Any CPU
		{E47163A9-D290-4D93-B380-819393B2C65D}.Release|Any CPU.Build.0 = Release|Any CPU
	EndGlobalSection
	GlobalSection(SolutionProperties) = preSolution
		HideSolutionNode = FALSE
	EndGlobalSection
	GlobalSection(ExtensibilityGlobals) = postSolution
		SolutionGuid = {D06E96EE-C151-48BC-949A-683E5414A085}
	EndGlobalSection
EndGlobal
